
Microsoft Visual Studio Solution File, Format Version 11.00
# Visual Studio 2010
Project("{FAE04EC0-301F-11D3-BF4B-00C04F79EFBC}") = "pomelo-unitychat-socket-master", "Assembly-CSharp.csproj", "{3AC8D8DC-26F9-C03F-9694-CB5250C9D44B}"
EndProject
Global
	GlobalSection(SolutionConfigurationPlatforms) = preSolution
		Debug|Any CPU = Debug|Any CPU
		Release|Any CPU = Release|Any CPU
	EndGlobalSection
	GlobalSection(ProjectConfigurationPlatforms) = postSolution
		{3AC8D8DC-26F9-C03F-9694-CB5250C9D44B}.Debug|Any CPU.ActiveCfg = Debug|Any CPU
		{3AC8D8DC-26F9-C03F-9694-CB5250C9D44B}.Debug|Any CPU.Build.0 = Debug|Any CPU
		{3AC8D8DC-26F9-C03F-9694-CB5250C9D44B}.Release|Any CPU.ActiveCfg = Release|Any CPU
		{3AC8D8DC-26F9-C03F-9694-CB5250C9D44B}.Release|Any CPU.Build.0 = Release|Any CPU
	EndGlobalSection
	GlobalSection(SolutionProperties) = preSolution
		HideSolutionNode = FALSE
	EndGlobalSection
	GlobalSection(MonoDevelopProperties) = preSolution
		StartupItem = Assembly-CSharp.csproj
	EndGlobalSection
EndGlobal
